
Microsoft Visual Studio Solution File, Format Version 12.00
# Visual Studio Version 17
VisualStudioVersion = 17.4.33213.308
MinimumVisualStudioVersion = 10.0.40219.1
Project("{FAE04EC0-301F-11D3-BF4B-00C04F79EFBC}") = "NewMatchGame", "NewMatchGame\NewMatchGame.csproj", "{C145846C-EC33-4189-B947-21707127C18D}"
EndProject
Global
	GlobalSection(SolutionConfigurationPlatforms) = preSolution
		Debug|Any CPU = Debug|Any CPU
		Release|Any CPU = Release|Any CPU
	EndGlobalSection
	GlobalSection(ProjectConfigurationPlatforms) = postSolution
		{C145846C-EC33-4189-B947-21707127C18D}.Debug|Any CPU.ActiveCfg = Debug|Any CPU
		{C145846C-EC33-4189-B947-21707127C18D}.Debug|Any CPU.Build.0 = Debug|Any CPU
		{C145846C-EC33-4189-B947-21707127C18D}.Release|Any CPU.ActiveCfg = Release|Any CPU
		{C145846C-EC33-4189-B947-21707127C18D}.Release|Any CPU.Build.0 = Release|Any CPU
	EndGlobalSection
	GlobalSection(SolutionProperties) = preSolution
		HideSolutionNode = FALSE
	EndGlobalSection
	GlobalSection(ExtensibilityGlobals) = postSolution
		SolutionGuid = {F040DDF9-7D10-4721-AC5E-FB193DC6DA7C}
	EndGlobalSection
EndGlobal
